
Microsoft Visual Studio Solution File, Format Version 12.00
# Visual Studio Version 17
VisualStudioVersion = 17.4.33403.182
MinimumVisualStudioVersion = 10.0.40219.1
Project("{9A19103F-16F7-4668-BE54-9A1E7A4F7556}") = "ProjetsJo", "ProjetsJo.csproj", "{A3BF8A08-7430-4FD2-AAC3-3A991CABAD09}"
EndProject
Project("{00D1A9C2-B5F0-4AF3-8072-F6C62B433612}") = "DatabaseProjetsJo", "DatabaseProjetsJo\DatabaseProjetsJo.sqlproj", "{CD9187D0-8AAC-45E8-82E0-EFB181CDAF7D}"
EndProject
Global
	GlobalSection(SolutionConfigurationPlatforms) = preSolution
		Debug|Any CPU = Debug|Any CPU
		Release|Any CPU = Release|Any CPU
	EndGlobalSection
	GlobalSection(ProjectConfigurationPlatforms) = postSolution
		{A3BF8A08-7430-4FD2-AAC3-3A991CABAD09}.Debug|Any CPU.ActiveCfg = Debug|Any CPU
		{A3BF8A08-7430-4FD2-AAC3-3A991CABAD09}.Debug|Any CPU.Build.0 = Debug|Any CPU
		{A3BF8A08-7430-4FD2-AAC3-3A991CABAD09}.Release|Any CPU.ActiveCfg = Release|Any CPU
		{A3BF8A08-7430-4FD2-AAC3-3A991CABAD09}.Release|Any CPU.Build.0 = Release|Any CPU
		{CD9187D0-8AAC-45E8-82E0-EFB181CDAF7D}.Debug|Any CPU.ActiveCfg = Debug|Any CPU
		{CD9187D0-8AAC-45E8-82E0-EFB181CDAF7D}.Debug|Any CPU.Build.0 = Debug|Any CPU
		{CD9187D0-8AAC-45E8-82E0-EFB181CDAF7D}.Debug|Any CPU.Deploy.0 = Debug|Any CPU
		{CD9187D0-8AAC-45E8-82E0-EFB181CDAF7D}.Release|Any CPU.ActiveCfg = Release|Any CPU
		{CD9187D0-8AAC-45E8-82E0-EFB181CDAF7D}.Release|Any CPU.Build.0 = Release|Any CPU
		{CD9187D0-8AAC-45E8-82E0-EFB181CDAF7D}.Release|Any CPU.Deploy.0 = Release|Any CPU
	EndGlobalSection
	GlobalSection(SolutionProperties) = preSolution
		HideSolutionNode = FALSE
	EndGlobalSection
	GlobalSection(ExtensibilityGlobals) = postSolution
		SolutionGuid = {0537FDA0-1F2F-4517-845A-E5C63ECEC23D}
	EndGlobalSection
EndGlobal
